
Microsoft Visual Studio Solution File, Format Version 12.00
# Visual Studio Version 17
VisualStudioVersion = 17.5.33414.496
MinimumVisualStudioVersion = 10.0.40219.1
Project("{FAE04EC0-301F-11D3-BF4B-00C04F79EFBC}") = "ckir crasher 2", "ckir crasher 2\ckir crasher 2.csproj", "{47974AD1-AE34-464F-B6AE-106D147CA6B2}"
EndProject
Global
	GlobalSection(SolutionConfigurationPlatforms) = preSolution
		Debug|Any CPU = Debug|Any CPU
		Release|Any CPU = Release|Any CPU
	EndGlobalSection
	GlobalSection(ProjectConfigurationPlatforms) = postSolution
		{47974AD1-AE34-464F-B6AE-106D147CA6B2}.Debug|Any CPU.ActiveCfg = Debug|Any CPU
		{47974AD1-AE34-464F-B6AE-106D147CA6B2}.Debug|Any CPU.Build.0 = Debug|Any CPU
		{47974AD1-AE34-464F-B6AE-106D147CA6B2}.Release|Any CPU.ActiveCfg = Release|Any CPU
		{47974AD1-AE34-464F-B6AE-106D147CA6B2}.Release|Any CPU.Build.0 = Release|Any CPU
	EndGlobalSection
	GlobalSection(SolutionProperties) = preSolution
		HideSolutionNode = FALSE
	EndGlobalSection
	GlobalSection(ExtensibilityGlobals) = postSolution
		SolutionGuid = {90A568D7-6A53-46F0-BCA1-ECF7252AB73E}
	EndGlobalSection
EndGlobal
